
Microsoft Visual Studio Solution File, Format Version 12.00
# Visual Studio 15
VisualStudioVersion = 15.0.28010.2016
MinimumVisualStudioVersion = 10.0.40219.1
Project("{FAE04EC0-301F-11D3-BF4B-00C04F79EFBC}") = "LoopTask3.5", "LoopTask3.5\LoopTask3.5.csproj", "{BCC0B1B5-F3E0-4C7D-97D0-11D35F2980AD}"
EndProject
Global
	GlobalSection(SolutionConfigurationPlatforms) = preSolution
		Debug|Any CPU = Debug|Any CPU
		Release|Any CPU = Release|Any CPU
	EndGlobalSection
	GlobalSection(ProjectConfigurationPlatforms) = postSolution
		{BCC0B1B5-F3E0-4C7D-97D0-11D35F2980AD}.Debug|Any CPU.ActiveCfg = Debug|Any CPU
		{BCC0B1B5-F3E0-4C7D-97D0-11D35F2980AD}.Debug|Any CPU.Build.0 = Debug|Any CPU
		{BCC0B1B5-F3E0-4C7D-97D0-11D35F2980AD}.Release|Any CPU.ActiveCfg = Release|Any CPU
		{BCC0B1B5-F3E0-4C7D-97D0-11D35F2980AD}.Release|Any CPU.Build.0 = Release|Any CPU
	EndGlobalSection
	GlobalSection(SolutionProperties) = preSolution
		HideSolutionNode = FALSE
	EndGlobalSection
	GlobalSection(ExtensibilityGlobals) = postSolution
		SolutionGuid = {7E2ECFBF-536E-4D90-A337-8ED916ECB98E}
	EndGlobalSection
EndGlobal
