
Microsoft Visual Studio Solution File, Format Version 12.00
# Visual Studio 15
VisualStudioVersion = 15.0.28010.2016
MinimumVisualStudioVersion = 10.0.40219.1
Project("{FAE04EC0-301F-11D3-BF4B-00C04F79EFBC}") = "TicketPrice", "TicketPrice\TicketPrice.csproj", "{393F0E15-88FD-425E-B013-54FB8744990D}"
EndProject
Global
	GlobalSection(SolutionConfigurationPlatforms) = preSolution
		Debug|Any CPU = Debug|Any CPU
		Release|Any CPU = Release|Any CPU
	EndGlobalSection
	GlobalSection(ProjectConfigurationPlatforms) = postSolution
		{393F0E15-88FD-425E-B013-54FB8744990D}.Debug|Any CPU.ActiveCfg = Debug|Any CPU
		{393F0E15-88FD-425E-B013-54FB8744990D}.Debug|Any CPU.Build.0 = Debug|Any CPU
		{393F0E15-88FD-425E-B013-54FB8744990D}.Release|Any CPU.ActiveCfg = Release|Any CPU
		{393F0E15-88FD-425E-B013-54FB8744990D}.Release|Any CPU.Build.0 = Release|Any CPU
	EndGlobalSection
	GlobalSection(SolutionProperties) = preSolution
		HideSolutionNode = FALSE
	EndGlobalSection
	GlobalSection(ExtensibilityGlobals) = postSolution
		SolutionGuid = {82CE88D7-032A-46FD-B5F8-B7700EF2735E}
	EndGlobalSection
EndGlobal
